{
    "_readme": [
        "This file locks the dependencies of your project to a known state",
        "Read more about it at https://getcomposer.org/doc/01-basic-usage.md#composer-lock-the-lock-file",
        "This file is @generated automatically"
    ],
    "hash": "6135c338e380ba77ee05a181fda3613f",
    "packages": [
        {
            "name": "stubbles/core",
            "version": "v6.3.0",
            "source": {
                "type": "git",
                "url": "https://github.com/stubbles/stubbles-core.git",
                "reference": "e8c1b054075dab97b8423b9488502c6e53ef700f"
            },
            "dist": {
                "type": "zip",
                "url": "https://api.github.com/repos/stubbles/stubbles-core/zipball/e8c1b054075dab97b8423b9488502c6e53ef700f",
                "reference": "e8c1b054075dab97b8423b9488502c6e53ef700f",
                "shasum": ""
            },
            "require": {
                "php": ">=5.4.0"
            },
            "require-dev": {
                "bovigo/callmap": "^1.0",
                "mikey179/vfsstream": "^1.5",
                "phpunit/phpunit": "^4.7"
            },
            "type": "library",
            "extra": {
                "branch-alias": {
                    "dev-master": "6.3.x-dev"
                }
            },
            "autoload": {
                "psr-4": {
                    "stubbles\\": "src/main/php"
                },
                "files": [
                    "src/main/php/lang/functions.php",
                    "src/main/php/lang/reflect/functions.php",
                    "src/main/php/peer/functions.php",
                    "src/main/php/streams/functions.php"
                ]
            },
            "notification-url": "https://packagist.org/downloads/",
            "license": [
                "BSD-3-Clause"
            ],
            "description": "Provides base classes for Stubbles packages.",
            "homepage": "http://stubbles.net/",
            "time": "2015-07-01 13:04:03"
        },
        {
            "name": "stubbles/dbal",
            "version": "v6.0.0",
            "source": {
                "type": "git",
                "url": "https://github.com/stubbles/stubbles-dbal.git",
                "reference": "ab387b72dd8950c3ccb5f8757a9144925420c2c8"
            },
            "dist": {
                "type": "zip",
                "url": "https://api.github.com/repos/stubbles/stubbles-dbal/zipball/ab387b72dd8950c3ccb5f8757a9144925420c2c8",
                "reference": "ab387b72dd8950c3ccb5f8757a9144925420c2c8",
                "shasum": ""
            },
            "require": {
                "ext-pdo": "*",
                "php": ">=5.4.0",
                "stubbles/core": "~6.0"
            },
            "require-dev": {
                "bovigo/callmap": "~1.0",
                "mikey179/vfsstream": "~1.5",
                "phpunit/phpunit": "~4.6"
            },
            "type": "library",
            "extra": {
                "branch-alias": {
                    "dev-master": "6.0.x-dev"
                }
            },
            "autoload": {
                "psr-4": {
                    "stubbles\\db\\": "src/main/php"
                }
            },
            "notification-url": "https://packagist.org/downloads/",
            "license": [
                "BSD-3-Clause"
            ],
            "description": "Database abstraction layer.",
            "homepage": "http://stubbles.net/",
            "time": "2015-05-28 17:50:22"
        },
        {
            "name": "stubbles/input",
            "version": "v5.2.1",
            "source": {
                "type": "git",
                "url": "https://github.com/stubbles/stubbles-input.git",
                "reference": "21fd5ca4a12c70b1d30631903cb4b37ffafd8771"
            },
            "dist": {
                "type": "zip",
                "url": "https://api.github.com/repos/stubbles/stubbles-input/zipball/21fd5ca4a12c70b1d30631903cb4b37ffafd8771",
                "reference": "21fd5ca4a12c70b1d30631903cb4b37ffafd8771",
                "shasum": ""
            },
            "require": {
                "php": ">=5.4.0",
                "stubbles/core": "^6.1"
            },
            "require-dev": {
                "bovigo/callmap": "^1.0",
                "mikey179/vfsstream": "^1.5",
                "phpunit/phpunit": "^4.7",
                "stubbles/date": "^5.5"
            },
            "suggest": {
                "stubbles/date": "^5.5"
            },
            "type": "library",
            "extra": {
                "branch-alias": {
                    "dev-master": "5.2.x-dev"
                }
            },
            "autoload": {
                "psr-4": {
                    "stubbles\\input\\": "src/main/php"
                }
            },
            "notification-url": "https://packagist.org/downloads/",
            "license": [
                "BSD-3-Clause"
            ],
            "description": "Stubbles Input enables to handle input data via validation and filtering.",
            "homepage": "http://stubbles.net/",
            "time": "2015-06-22 15:38:56"
        },
        {
            "name": "stubbles/webapp-core",
            "version": "v6.2.2",
            "source": {
                "type": "git",
                "url": "https://github.com/stubbles/stubbles-webapp-core.git",
                "reference": "069a93edbf14de7b0b65218e18194b80f30d99e4"
            },
            "dist": {
                "type": "zip",
                "url": "https://api.github.com/repos/stubbles/stubbles-webapp-core/zipball/069a93edbf14de7b0b65218e18194b80f30d99e4",
                "reference": "069a93edbf14de7b0b65218e18194b80f30d99e4",
                "shasum": ""
            },
            "require": {
                "php": ">=5.4.0",
                "stubbles/core": "^6.1",
                "stubbles/input": "^5.1"
            },
            "require-dev": {
                "bovigo/callmap": "^1.0",
                "mikey179/vfsstream": "^1.5",
                "phpunit/phpunit": "^4.7",
                "stubbles/image": "^4.0",
                "stubbles/xml": "^4.3"
            },
            "suggest": {
                "stubbles/image": "^4.0",
                "stubbles/xml": "^4.3"
            },
            "type": "library",
            "extra": {
                "branch-alias": {
                    "dev-master": "6.2.x-dev"
                }
            },
            "autoload": {
                "psr-4": {
                    "stubbles\\webapp\\": "src/main/php"
                },
                "files": [
                    "src/main/php/functions.php"
                ]
            },
            "notification-url": "https://packagist.org/downloads/",
            "license": [
                "BSD-3-Clause"
            ],
            "description": "Base classes for Stubbles based web applications.",
            "homepage": "http://stubbles.net/",
            "time": "2015-07-06 08:58:53"
        }
    ],
    "packages-dev": [],
    "aliases": [],
    "minimum-stability": "dev",
    "stability-flags": [],
    "prefer-stable": true,
    "prefer-lowest": false,
    "platform": {
        "php": ">=5.4.0",
        "ext-pdo_sqlite": "*"
    },
    "platform-dev": []
}
